// !$*UTF8*$!
{
	archiveVersion = 1;
	classes = {
	};
	objectVersion = 46;
	objects = {

/* Begin PBXBuildFile section */
		0F0AA70C1712ECCB00EA07CD /* UIKit.framework in Frameworks */ = {isa = PBXBuildFile; fileRef = 0F0AA70B1712ECCB00EA07CD /* UIKit.framework */; };
		0F0AA70E1712ECCC00EA07CD /* Foundation.framework in Frameworks */ = {isa = PBXBuildFile; fileRef = 0F0AA70D1712ECCB00EA07CD /* Foundation.framework */; };
		0F0AA7101712ECCC00EA07CD /* CoreGraphics.framework in Frameworks */ = {isa = PBXBuildFile; fileRef = 0F0AA70F1712ECCC00EA07CD /* CoreGraphics.framework */; };
		0F0AA7161712ECCC00EA07CD /* InfoPlist.strings in Resources */ = {isa = PBXBuildFile; fileRef = 0F0AA7141712ECCC00EA07CD /* InfoPlist.strings */; };
		0F0AA7181712ECCC00EA07CD /* main.m in Sources */ = {isa = PBXBuildFile; fileRef = 0F0AA7171712ECCC00EA07CD /* main.m */; };
		0FADE9C81712FC1D00FB3842 /* HRAppDelegate.m in Sources */ = {isa = PBXBuildFile; fileRef = 0FADE9C71712FC1D00FB3842 /* HRAppDelegate.m */; };
		0FADE9DA1712FC3600FB3842 /* Default-568h@2x.png in Resources */ = {isa = PBXBuildFile; fileRef = 0FADE9D51712FC3600FB3842 /* Default-568h@2x.png */; };
		0FADE9DB1712FC3600FB3842 /* Default.png in Resources */ = {isa = PBXBuildFile; fileRef = 0FADE9D61712FC3600FB3842 /* Default.png */; };
		0FADE9DC1712FC3600FB3842 /* Default@2x.png in Resources */ = {isa = PBXBuildFile; fileRef = 0FADE9D71712FC3600FB3842 /* Default@2x.png */; };
		0FADE9E01712FC5D00FB3842 /* bgApp_iphone5.png in Resources */ = {isa = PBXBuildFile; fileRef = 0FADE9DD1712FC5D00FB3842 /* bgApp_iphone5.png */; };
		0FADE9E11712FC5D00FB3842 /* bgApp.png in Resources */ = {isa = PBXBuildFile; fileRef = 0FADE9DE1712FC5D00FB3842 /* bgApp.png */; };
		0FADE9E21712FC5D00FB3842 /* bgApp@2x.png in Resources */ = {isa = PBXBuildFile; fileRef = 0FADE9DF1712FC5D00FB3842 /* bgApp@2x.png */; };
		0FADE9E61712FCA700FB3842 /* HRChooseLangues.m in Sources */ = {isa = PBXBuildFile; fileRef = 0FADE9E41712FCA700FB3842 /* HRChooseLangues.m */; };
		0FADE9E71712FCA700FB3842 /* HRChooseLangues.xib in Resources */ = {isa = PBXBuildFile; fileRef = 0FADE9E51712FCA700FB3842 /* HRChooseLangues.xib */; };
		0FADE9EB1712FD5B00FB3842 /* bamabina.ttf in Resources */ = {isa = PBXBuildFile; fileRef = 0FADE9E91712FD5B00FB3842 /* bamabina.ttf */; };
		0FADE9EC1712FD5B00FB3842 /* junegull.ttf in Resources */ = {isa = PBXBuildFile; fileRef = 0FADE9EA1712FD5B00FB3842 /* junegull.ttf */; };
		0FADE9F11712FE5100FB3842 /* btn_choose_lang.png in Resources */ = {isa = PBXBuildFile; fileRef = 0FADE9ED1712FE5100FB3842 /* btn_choose_lang.png */; };
		0FADE9F21712FE5100FB3842 /* btn_choose_lang@2X.png in Resources */ = {isa = PBXBuildFile; fileRef = 0FADE9EE1712FE5100FB3842 /* btn_choose_lang@2X.png */; };
		0FADE9F31712FE5100FB3842 /* btn_go.png in Resources */ = {isa = PBXBuildFile; fileRef = 0FADE9EF1712FE5100FB3842 /* btn_go.png */; };
		0FADE9F41712FE5100FB3842 /* btn_go@2x.png in Resources */ = {isa = PBXBuildFile; fileRef = 0FADE9F01712FE5100FB3842 /* btn_go@2x.png */; };
		0FADE9F71712FFA200FB3842 /* Screenshot-1.png in Resources */ = {isa = PBXBuildFile; fileRef = 0FADE9F61712FFA200FB3842 /* Screenshot-1.png */; };
		0FADE9F91712FFAD00FB3842 /* Screenshot-2.png in Resources */ = {isa = PBXBuildFile; fileRef = 0FADE9F81712FFAD00FB3842 /* Screenshot-2.png */; };
		0FADEA07171308CD00FB3842 /* Localizable.strings in Resources */ = {isa = PBXBuildFile; fileRef = 0FADEA09171308CD00FB3842 /* Localizable.strings */; };
		8CF830581713B51D00741090 /* THLabel.m in Sources */ = {isa = PBXBuildFile; fileRef = 8CF830571713B51D00741090 /* THLabel.m */; settings = {COMPILER_FLAGS = "-fno-objc-arc"; }; };
		8CF8307B1713E03500741090 /* HRmyButton.m in Sources */ = {isa = PBXBuildFile; fileRef = 8CF8307A1713E03500741090 /* HRmyButton.m */; };
		8CF830811713EDB300741090 /* HRChooseLangues_iphone5.xib in Resources */ = {isa = PBXBuildFile; fileRef = 8CF830801713EDB300741090 /* HRChooseLangues_iphone5.xib */; };
		8CF830851713EEC500741090 /* HRChooseVersion.m in Sources */ = {isa = PBXBuildFile; fileRef = 8CF830831713EEC400741090 /* HRChooseVersion.m */; };
		8CF830861713EEC500741090 /* HRChooseVersion.xib in Resources */ = {isa = PBXBuildFile; fileRef = 8CF830841713EEC500741090 /* HRChooseVersion.xib */; };
		8CF8308B1713EFC400741090 /* btn_app.png in Resources */ = {isa = PBXBuildFile; fileRef = 8CF830871713EFC400741090 /* btn_app.png */; };
		8CF8308C1713EFC400741090 /* btn_back.png in Resources */ = {isa = PBXBuildFile; fileRef = 8CF830881713EFC400741090 /* btn_back.png */; };
		8CF8308D1713EFC400741090 /* btn_app@2x.png in Resources */ = {isa = PBXBuildFile; fileRef = 8CF830891713EFC400741090 /* btn_app@2x.png */; };
		8CF8308E1713EFC400741090 /* btn_back@2x.png in Resources */ = {isa = PBXBuildFile; fileRef = 8CF8308A1713EFC400741090 /* btn_back@2x.png */; };
		8CF830901713EFEE00741090 /* Screenshot-3.png in Resources */ = {isa = PBXBuildFile; fileRef = 8CF8308F1713EFEE00741090 /* Screenshot-3.png */; };
		8CF830921713F5B500741090 /* HRChooseVersion_iphone5.xib in Resources */ = {isa = PBXBuildFile; fileRef = 8CF830911713F5B500741090 /* HRChooseVersion_iphone5.xib */; };
		8CF830961713F64800741090 /* HRVideoFactsSection.m in Sources */ = {isa = PBXBuildFile; fileRef = 8CF830941713F64700741090 /* HRVideoFactsSection.m */; };
		8CF830971713F64800741090 /* HRVideoFactsSection.xib in Resources */ = {isa = PBXBuildFile; fileRef = 8CF830951713F64700741090 /* HRVideoFactsSection.xib */; };
		8CF830991713F68D00741090 /* Screenshot-4.png in Resources */ = {isa = PBXBuildFile; fileRef = 8CF830981713F68D00741090 /* Screenshot-4.png */; };
		8CF8309B1713F96100741090 /* HRVideoFactsSection_iphone5.xib in Resources */ = {isa = PBXBuildFile; fileRef = 8CF8309A1713F96000741090 /* HRVideoFactsSection_iphone5.xib */; };
		8CF8309F1713FBF000741090 /* HRvideoCategory.m in Sources */ = {isa = PBXBuildFile; fileRef = 8CF8309D1713FBEE00741090 /* HRvideoCategory.m */; };
		8CF830A01713FBF000741090 /* HRvideoCategory.xib in Resources */ = {isa = PBXBuildFile; fileRef = 8CF8309E1713FBEF00741090 /* HRvideoCategory.xib */; };
		8CF830A21713FCCA00741090 /* Screenshot-5.png in Resources */ = {isa = PBXBuildFile; fileRef = 8CF830A11713FCCA00741090 /* Screenshot-5.png */; };
		8CF830A4171402D300741090 /* HRvideoCategory_iphone5.xib in Resources */ = {isa = PBXBuildFile; fileRef = 8CF830A3171402D200741090 /* HRvideoCategory_iphone5.xib */; };
		8CF830A71714044200741090 /* bgScreenVideoPortrat.png in Resources */ = {isa = PBXBuildFile; fileRef = 8CF830A51714044000741090 /* bgScreenVideoPortrat.png */; };
		8CF830A81714044200741090 /* bgScreenVideoPortrat@2x.png in Resources */ = {isa = PBXBuildFile; fileRef = 8CF830A61714044100741090 /* bgScreenVideoPortrat@2x.png */; };
		8CF830AC171404F000741090 /* HRVideoPlay.m in Sources */ = {isa = PBXBuildFile; fileRef = 8CF830AA171404EE00741090 /* HRVideoPlay.m */; };
		8CF830AD171404F000741090 /* HRVideoPlay.xib in Resources */ = {isa = PBXBuildFile; fileRef = 8CF830AB171404EF00741090 /* HRVideoPlay.xib */; };
		8CF830B01714054800741090 /* Screenshot-6a.png in Resources */ = {isa = PBXBuildFile; fileRef = 8CF830AE1714054700741090 /* Screenshot-6a.png */; };
		8CF830B11714054800741090 /* Screenshot-6b.png in Resources */ = {isa = PBXBuildFile; fileRef = 8CF830AF1714054700741090 /* Screenshot-6b.png */; };
		8CF830B41714064500741090 /* HRBackgroundVideoView.m in Sources */ = {isa = PBXBuildFile; fileRef = 8CF830B31714064500741090 /* HRBackgroundVideoView.m */; };
		8CF830B6171409F300741090 /* MediaPlayer.framework in Frameworks */ = {isa = PBXBuildFile; fileRef = 8CF830B5171409F200741090 /* MediaPlayer.framework */; };
		8CF830B917140FEC00741090 /* big-buck-bunny-clip.m4v in Resources */ = {isa = PBXBuildFile; fileRef = 8CF830B817140FEC00741090 /* big-buck-bunny-clip.m4v */; };
		8CF830BD1714169D00741090 /* UINavigationController+RotationIn_IOS6.m in Sources */ = {isa = PBXBuildFile; fileRef = 8CF830BC1714169D00741090 /* UINavigationController+RotationIn_IOS6.m */; };
		8CF830C01714202B00741090 /* bgAppLadscape.png in Resources */ = {isa = PBXBuildFile; fileRef = 8CF830BE1714202A00741090 /* bgAppLadscape.png */; };
		8CF830C11714202B00741090 /* bgAppLadscape@2x.png in Resources */ = {isa = PBXBuildFile; fileRef = 8CF830BF1714202A00741090 /* bgAppLadscape@2x.png */; };
		8CF830C4171422DD00741090 /* bgScreenVideoLadscape.png in Resources */ = {isa = PBXBuildFile; fileRef = 8CF830C2171422DA00741090 /* bgScreenVideoLadscape.png */; };
		8CF830C5171422DD00741090 /* bgScreenVideoLadscape@2x.png in Resources */ = {isa = PBXBuildFile; fileRef = 8CF830C3171422DC00741090 /* bgScreenVideoLadscape@2x.png */; };
/* End PBXBuildFile section */

/* Begin PBXFileReference section */
		0F0AA7071712ECCB00EA07CD /* Hooray.app */ = {isa = PBXFileReference; explicitFileType = wrapper.application; includeInIndex = 0; path = Hooray.app; sourceTree = BUILT_PRODUCTS_DIR; };
		0F0AA70B1712ECCB00EA07CD /* UIKit.framework */ = {isa = PBXFileReference; lastKnownFileType = wrapper.framework; name = UIKit.framework; path = System/Library/Frameworks/UIKit.framework; sourceTree = SDKROOT; };
		0F0AA70D1712ECCB00EA07CD /* Foundation.framework */ = {isa = PBXFileReference; lastKnownFileType = wrapper.framework; name = Foundation.framework; path = System/Library/Frameworks/Foundation.framework; sourceTree = SDKROOT; };
		0F0AA70F1712ECCC00EA07CD /* CoreGraphics.framework */ = {isa = PBXFileReference; lastKnownFileType = wrapper.framework; name = CoreGraphics.framework; path = System/Library/Frameworks/CoreGraphics.framework; sourceTree = SDKROOT; };
		0F0AA7131712ECCC00EA07CD /* Hooray-Info.plist */ = {isa = PBXFileReference; lastKnownFileType = text.plist.xml; path = "Hooray-Info.plist"; sourceTree = "<group>"; };
		0F0AA7151712ECCC00EA07CD /* en */ = {isa = PBXFileReference; lastKnownFileType = text.plist.strings; name = en; path = en.lproj/InfoPlist.strings; sourceTree = "<group>"; };
		0F0AA7171712ECCC00EA07CD /* main.m */ = {isa = PBXFileReference; lastKnownFileType = sourcecode.c.objc; path = main.m; sourceTree = "<group>"; };
		0F0AA7191712ECCC00EA07CD /* Hooray-Prefix.pch */ = {isa = PBXFileReference; lastKnownFileType = sourcecode.c.h; path = "Hooray-Prefix.pch"; sourceTree = "<group>"; };
		0FADE9C61712FC1D00FB3842 /* HRAppDelegate.h */ = {isa = PBXFileReference; fileEncoding = 4; lastKnownFileType = sourcecode.c.h; path = HRAppDelegate.h; sourceTree = "<group>"; };
		0FADE9C71712FC1D00FB3842 /* HRAppDelegate.m */ = {isa = PBXFileReference; fileEncoding = 4; lastKnownFileType = sourcecode.c.objc; path = HRAppDelegate.m; sourceTree = "<group>"; };
		0FADE9D51712FC3600FB3842 /* Default-568h@2x.png */ = {isa = PBXFileReference; lastKnownFileType = image.png; path = "Default-568h@2x.png"; sourceTree = "<group>"; };
		0FADE9D61712FC3600FB3842 /* Default.png */ = {isa = PBXFileReference; lastKnownFileType = image.png; path = Default.png; sourceTree = "<group>"; };
		0FADE9D71712FC3600FB3842 /* Default@2x.png */ = {isa = PBXFileReference; lastKnownFileType = image.png; path = "Default@2x.png"; sourceTree = "<group>"; };
		0FADE9DD1712FC5D00FB3842 /* bgApp_iphone5.png */ = {isa = PBXFileReference; lastKnownFileType = image.png; path = bgApp_iphone5.png; sourceTree = "<group>"; };
		0FADE9DE1712FC5D00FB3842 /* bgApp.png */ = {isa = PBXFileReference; lastKnownFileType = image.png; path = bgApp.png; sourceTree = "<group>"; };
		0FADE9DF1712FC5D00FB3842 /* bgApp@2x.png */ = {isa = PBXFileReference; lastKnownFileType = image.png; path = "bgApp@2x.png"; sourceTree = "<group>"; };
		0FADE9E31712FCA700FB3842 /* HRChooseLangues.h */ = {isa = PBXFileReference; fileEncoding = 4; lastKnownFileType = sourcecode.c.h; path = HRChooseLangues.h; sourceTree = "<group>"; };
		0FADE9E41712FCA700FB3842 /* HRChooseLangues.m */ = {isa = PBXFileReference; fileEncoding = 4; lastKnownFileType = sourcecode.c.objc; path = HRChooseLangues.m; sourceTree = "<group>"; };
		0FADE9E51712FCA700FB3842 /* HRChooseLangues.xib */ = {isa = PBXFileReference; fileEncoding = 4; lastKnownFileType = file.xib; path = HRChooseLangues.xib; sourceTree = "<group>"; };
		0FADE9E91712FD5B00FB3842 /* bamabina.ttf */ = {isa = PBXFileReference; lastKnownFileType = file; path = bamabina.ttf; sourceTree = "<group>"; };
		0FADE9EA1712FD5B00FB3842 /* junegull.ttf */ = {isa = PBXFileReference; lastKnownFileType = file; path = junegull.ttf; sourceTree = "<group>"; };
		0FADE9ED1712FE5100FB3842 /* btn_choose_lang.png */ = {isa = PBXFileReference; lastKnownFileType = image.png; path = btn_choose_lang.png; sourceTree = "<group>"; };
		0FADE9EE1712FE5100FB3842 /* btn_choose_lang@2X.png */ = {isa = PBXFileReference; lastKnownFileType = image.png; path = "btn_choose_lang@2X.png"; sourceTree = "<group>"; };
		0FADE9EF1712FE5100FB3842 /* btn_go.png */ = {isa = PBXFileReference; lastKnownFileType = image.png; path = btn_go.png; sourceTree = "<group>"; };
		0FADE9F01712FE5100FB3842 /* btn_go@2x.png */ = {isa = PBXFileReference; lastKnownFileType = image.png; path = "btn_go@2x.png"; sourceTree = "<group>"; };
		0FADE9F61712FFA200FB3842 /* Screenshot-1.png */ = {isa = PBXFileReference; lastKnownFileType = image.png; path = "Screenshot-1.png"; sourceTree = "<group>"; };
		0FADE9F81712FFAD00FB3842 /* Screenshot-2.png */ = {isa = PBXFileReference; lastKnownFileType = image.png; path = "Screenshot-2.png"; sourceTree = "<group>"; };
		0FADEA05171308B500FB3842 /* ru */ = {isa = PBXFileReference; lastKnownFileType = text.plist.strings; name = ru; path = ru.lproj/InfoPlist.strings; sourceTree = "<group>"; };
		0FADEA06171308C100FB3842 /* fr */ = {isa = PBXFileReference; lastKnownFileType = text.plist.strings; name = fr; path = fr.lproj/InfoPlist.strings; sourceTree = "<group>"; };
		0FADEA08171308CD00FB3842 /* en */ = {isa = PBXFileReference; lastKnownFileType = text.plist.strings; name = en; path = en.lproj/Localizable.strings; sourceTree = "<group>"; };
		0FADEA0A171308D100FB3842 /* ru */ = {isa = PBXFileReference; lastKnownFileType = text.plist.strings; name = ru; path = ru.lproj/Localizable.strings; sourceTree = "<group>"; };
		0FADEA0B171308D200FB3842 /* fr */ = {isa = PBXFileReference; lastKnownFileType = text.plist.strings; name = fr; path = fr.lproj/Localizable.strings; sourceTree = "<group>"; };
		8CF830561713B51D00741090 /* THLabel.h */ = {isa = PBXFileReference; fileEncoding = 4; lastKnownFileType = sourcecode.c.h; path = THLabel.h; sourceTree = "<group>"; };
		8CF830571713B51D00741090 /* THLabel.m */ = {isa = PBXFileReference; fileEncoding = 4; lastKnownFileType = sourcecode.c.objc; path = THLabel.m; sourceTree = "<group>"; };
		8CF830791713E03500741090 /* HRmyButton.h */ = {isa = PBXFileReference; fileEncoding = 4; lastKnownFileType = sourcecode.c.h; path = HRmyButton.h; sourceTree = "<group>"; };
		8CF8307A1713E03500741090 /* HRmyButton.m */ = {isa = PBXFileReference; fileEncoding = 4; lastKnownFileType = sourcecode.c.objc; path = HRmyButton.m; sourceTree = "<group>"; };
		8CF830801713EDB300741090 /* HRChooseLangues_iphone5.xib */ = {isa = PBXFileReference; fileEncoding = 4; lastKnownFileType = file.xib; path = HRChooseLangues_iphone5.xib; sourceTree = "<group>"; };
		8CF830821713EEC400741090 /* HRChooseVersion.h */ = {isa = PBXFileReference; fileEncoding = 4; lastKnownFileType = sourcecode.c.h; path = HRChooseVersion.h; sourceTree = "<group>"; };
		8CF830831713EEC400741090 /* HRChooseVersion.m */ = {isa = PBXFileReference; fileEncoding = 4; lastKnownFileType = sourcecode.c.objc; path = HRChooseVersion.m; sourceTree = "<group>"; };
		8CF830841713EEC500741090 /* HRChooseVersion.xib */ = {isa = PBXFileReference; fileEncoding = 4; lastKnownFileType = file.xib; path = HRChooseVersion.xib; sourceTree = "<group>"; };
		8CF830871713EFC400741090 /* btn_app.png */ = {isa = PBXFileReference; lastKnownFileType = image.png; path = btn_app.png; sourceTree = "<group>"; };
		8CF830881713EFC400741090 /* btn_back.png */ = {isa = PBXFileReference; lastKnownFileType = image.png; path = btn_back.png; sourceTree = "<group>"; };
		8CF830891713EFC400741090 /* btn_app@2x.png */ = {isa = PBXFileReference; lastKnownFileType = image.png; path = "btn_app@2x.png"; sourceTree = "<group>"; };
		8CF8308A1713EFC400741090 /* btn_back@2x.png */ = {isa = PBXFileReference; lastKnownFileType = image.png; path = "btn_back@2x.png"; sourceTree = "<group>"; };
		8CF8308F1713EFEE00741090 /* Screenshot-3.png */ = {isa = PBXFileReference; lastKnownFileType = image.png; path = "Screenshot-3.png"; sourceTree = "<group>"; };
		8CF830911713F5B500741090 /* HRChooseVersion_iphone5.xib */ = {isa = PBXFileReference; fileEncoding = 4; lastKnownFileType = file.xib; path = HRChooseVersion_iphone5.xib; sourceTree = "<group>"; };
		8CF830931713F64700741090 /* HRVideoFactsSection.h */ = {isa = PBXFileReference; fileEncoding = 4; lastKnownFileType = sourcecode.c.h; path = HRVideoFactsSection.h; sourceTree = "<group>"; };
		8CF830941713F64700741090 /* HRVideoFactsSection.m */ = {isa = PBXFileReference; fileEncoding = 4; lastKnownFileType = sourcecode.c.objc; path = HRVideoFactsSection.m; sourceTree = "<group>"; };
		8CF830951713F64700741090 /* HRVideoFactsSection.xib */ = {isa = PBXFileReference; fileEncoding = 4; lastKnownFileType = file.xib; path = HRVideoFactsSection.xib; sourceTree = "<group>"; };
		8CF830981713F68D00741090 /* Screenshot-4.png */ = {isa = PBXFileReference; lastKnownFileType = image.png; path = "Screenshot-4.png"; sourceTree = "<group>"; };
		8CF8309A1713F96000741090 /* HRVideoFactsSection_iphone5.xib */ = {isa = PBXFileReference; fileEncoding = 4; lastKnownFileType = file.xib; path = HRVideoFactsSection_iphone5.xib; sourceTree = "<group>"; };
		8CF8309C1713FBED00741090 /* HRvideoCategory.h */ = {isa = PBXFileReference; fileEncoding = 4; lastKnownFileType = sourcecode.c.h; path = HRvideoCategory.h; sourceTree = "<group>"; };
		8CF8309D1713FBEE00741090 /* HRvideoCategory.m */ = {isa = PBXFileReference; fileEncoding = 4; lastKnownFileType = sourcecode.c.objc; path = HRvideoCategory.m; sourceTree = "<group>"; };
		8CF8309E1713FBEF00741090 /* HRvideoCategory.xib */ = {isa = PBXFileReference; fileEncoding = 4; lastKnownFileType = file.xib; path = HRvideoCategory.xib; sourceTree = "<group>"; };
		8CF830A11713FCCA00741090 /* Screenshot-5.png */ = {isa = PBXFileReference; lastKnownFileType = image.png; path = "Screenshot-5.png"; sourceTree = "<group>"; };
		8CF830A3171402D200741090 /* HRvideoCategory_iphone5.xib */ = {isa = PBXFileReference; fileEncoding = 4; lastKnownFileType = file.xib; path = HRvideoCategory_iphone5.xib; sourceTree = "<group>"; };
		8CF830A51714044000741090 /* bgScreenVideoPortrat.png */ = {isa = PBXFileReference; lastKnownFileType = image.png; path = bgScreenVideoPortrat.png; sourceTree = "<group>"; };
		8CF830A61714044100741090 /* bgScreenVideoPortrat@2x.png */ = {isa = PBXFileReference; lastKnownFileType = image.png; path = "bgScreenVideoPortrat@2x.png"; sourceTree = "<group>"; };
		8CF830A9171404ED00741090 /* HRVideoPlay.h */ = {isa = PBXFileReference; fileEncoding = 4; lastKnownFileType = sourcecode.c.h; path = HRVideoPlay.h; sourceTree = "<group>"; };
		8CF830AA171404EE00741090 /* HRVideoPlay.m */ = {isa = PBXFileReference; fileEncoding = 4; lastKnownFileType = sourcecode.c.objc; path = HRVideoPlay.m; sourceTree = "<group>"; };
		8CF830AB171404EF00741090 /* HRVideoPlay.xib */ = {isa = PBXFileReference; fileEncoding = 4; lastKnownFileType = file.xib; path = HRVideoPlay.xib; sourceTree = "<group>"; };
		8CF830AE1714054700741090 /* Screenshot-6a.png */ = {isa = PBXFileReference; lastKnownFileType = image.png; path = "Screenshot-6a.png"; sourceTree = "<group>"; };
		8CF830AF1714054700741090 /* Screenshot-6b.png */ = {isa = PBXFileReference; lastKnownFileType = image.png; path = "Screenshot-6b.png"; sourceTree = "<group>"; };
		8CF830B21714064500741090 /* HRBackgroundVideoView.h */ = {isa = PBXFileReference; fileEncoding = 4; lastKnownFileType = sourcecode.c.h; path = HRBackgroundVideoView.h; sourceTree = "<group>"; };
		8CF830B31714064500741090 /* HRBackgroundVideoView.m */ = {isa = PBXFileReference; fileEncoding = 4; lastKnownFileType = sourcecode.c.objc; path = HRBackgroundVideoView.m; sourceTree = "<group>"; };
		8CF830B5171409F200741090 /* MediaPlayer.framework */ = {isa = PBXFileReference; lastKnownFileType = wrapper.framework; name = MediaPlayer.framework; path = System/Library/Frameworks/MediaPlayer.framework; sourceTree = SDKROOT; };
		8CF830B817140FEC00741090 /* big-buck-bunny-clip.m4v */ = {isa = PBXFileReference; lastKnownFileType = file; path = "big-buck-bunny-clip.m4v"; sourceTree = "<group>"; };
		8CF830BB1714169D00741090 /* UINavigationController+RotationIn_IOS6.h */ = {isa = PBXFileReference; fileEncoding = 4; lastKnownFileType = sourcecode.c.h; path = "UINavigationController+RotationIn_IOS6.h"; sourceTree = "<group>"; };
		8CF830BC1714169D00741090 /* UINavigationController+RotationIn_IOS6.m */ = {isa = PBXFileReference; fileEncoding = 4; lastKnownFileType = sourcecode.c.objc; path = "UINavigationController+RotationIn_IOS6.m"; sourceTree = "<group>"; };
		8CF830BE1714202A00741090 /* bgAppLadscape.png */ = {isa = PBXFileReference; lastKnownFileType = image.png; path = bgAppLadscape.png; sourceTree = "<group>"; };
		8CF830BF1714202A00741090 /* bgAppLadscape@2x.png */ = {isa = PBXFileReference; lastKnownFileType = image.png; path = "bgAppLadscape@2x.png"; sourceTree = "<group>"; };
		8CF830C2171422DA00741090 /* bgScreenVideoLadscape.png */ = {isa = PBXFileReference; lastKnownFileType = image.png; path = bgScreenVideoLadscape.png; sourceTree = "<group>"; };
		8CF830C3171422DC00741090 /* bgScreenVideoLadscape@2x.png */ = {isa = PBXFileReference; lastKnownFileType = image.png; path = "bgScreenVideoLadscape@2x.png"; sourceTree = "<group>"; };
/* End PBXFileReference section */

/* Begin PBXFrameworksBuildPhase section */
		0F0AA7041712ECCB00EA07CD /* Frameworks */ = {
			isa = PBXFrameworksBuildPhase;
			buildActionMask = 2147483647;
			files = (
				8CF830B6171409F300741090 /* MediaPlayer.framework in Frameworks */,
				0F0AA70C1712ECCB00EA07CD /* UIKit.framework in Frameworks */,
				0F0AA70E1712ECCC00EA07CD /* Foundation.framework in Frameworks */,
				0F0AA7101712ECCC00EA07CD /* CoreGraphics.framework in Frameworks */,
			);
			runOnlyForDeploymentPostprocessing = 0;
		};
/* End PBXFrameworksBuildPhase section */

/* Begin PBXGroup section */
		0F0AA6FC1712ECCB00EA07CD = {
			isa = PBXGroup;
			children = (
				8CF830B5171409F200741090 /* MediaPlayer.framework */,
				0F0AA7111712ECCC00EA07CD /* Hooray */,
				0F0AA70A1712ECCB00EA07CD /* Frameworks */,
				0F0AA7081712ECCB00EA07CD /* Products */,
			);
			sourceTree = "<group>";
		};
		0F0AA7081712ECCB00EA07CD /* Products */ = {
			isa = PBXGroup;
			children = (
				0F0AA7071712ECCB00EA07CD /* Hooray.app */,
			);
			name = Products;
			sourceTree = "<group>";
		};
		0F0AA70A1712ECCB00EA07CD /* Frameworks */ = {
			isa = PBXGroup;
			children = (
				0F0AA70B1712ECCB00EA07CD /* UIKit.framework */,
				0F0AA70D1712ECCB00EA07CD /* Foundation.framework */,
				0F0AA70F1712ECCC00EA07CD /* CoreGraphics.framework */,
			);
			name = Frameworks;
			sourceTree = "<group>";
		};
		0F0AA7111712ECCC00EA07CD /* Hooray */ = {
			isa = PBXGroup;
			children = (
				0FADE9C51712FC1D00FB3842 /* Appdelegate */,
				0FADE9C91712FC2D00FB3842 /* Class */,
				0FADE9D21712FC3600FB3842 /* Resource */,
				0F0AA7121712ECCC00EA07CD /* Supporting Files */,
			);
			path = Hooray;
			sourceTree = "<group>";
		};
		0F0AA7121712ECCC00EA07CD /* Supporting Files */ = {
			isa = PBXGroup;
			children = (
				0F0AA7131712ECCC00EA07CD /* Hooray-Info.plist */,
				0F0AA7141712ECCC00EA07CD /* InfoPlist.strings */,
				0F0AA7171712ECCC00EA07CD /* main.m */,
				0F0AA7191712ECCC00EA07CD /* Hooray-Prefix.pch */,
				0FADEA09171308CD00FB3842 /* Localizable.strings */,
			);
			name = "Supporting Files";
			sourceTree = "<group>";
		};
		0FADE9C51712FC1D00FB3842 /* Appdelegate */ = {
			isa = PBXGroup;
			children = (
				0FADE9C61712FC1D00FB3842 /* HRAppDelegate.h */,
				0FADE9C71712FC1D00FB3842 /* HRAppDelegate.m */,
			);
			path = Appdelegate;
			sourceTree = "<group>";
		};
		0FADE9C91712FC2D00FB3842 /* Class */ = {
			isa = PBXGroup;
			children = (
				8CF830BA1714168F00741090 /* Category */,
				8CF830781713E01500741090 /* Helper */,
				0FADE9CB1712FC2D00FB3842 /* Modal */,
				0FADE9CC1712FC2D00FB3842 /* Viewcontroller */,
			);
			path = Class;
			sourceTree = "<group>";
		};
		0FADE9CB1712FC2D00FB3842 /* Modal */ = {
			isa = PBXGroup;
			children = (
			);
			path = Modal;
			sourceTree = "<group>";
		};
		0FADE9CC1712FC2D00FB3842 /* Viewcontroller */ = {
			isa = PBXGroup;
			children = (
				8CF830801713EDB300741090 /* HRChooseLangues_iphone5.xib */,
				0FADE9E31712FCA700FB3842 /* HRChooseLangues.h */,
				0FADE9E41712FCA700FB3842 /* HRChooseLangues.m */,
				0FADE9E51712FCA700FB3842 /* HRChooseLangues.xib */,
				8CF830821713EEC400741090 /* HRChooseVersion.h */,
				8CF830831713EEC400741090 /* HRChooseVersion.m */,
				8CF830841713EEC500741090 /* HRChooseVersion.xib */,
				8CF830911713F5B500741090 /* HRChooseVersion_iphone5.xib */,
				8CF830931713F64700741090 /* HRVideoFactsSection.h */,
				8CF830941713F64700741090 /* HRVideoFactsSection.m */,
				8CF830951713F64700741090 /* HRVideoFactsSection.xib */,
				8CF8309A1713F96000741090 /* HRVideoFactsSection_iphone5.xib */,
				8CF8309C1713FBED00741090 /* HRvideoCategory.h */,
				8CF8309D1713FBEE00741090 /* HRvideoCategory.m */,
				8CF8309E1713FBEF00741090 /* HRvideoCategory.xib */,
				8CF830A3171402D200741090 /* HRvideoCategory_iphone5.xib */,
				8CF830A9171404ED00741090 /* HRVideoPlay.h */,
				8CF830AA171404EE00741090 /* HRVideoPlay.m */,
				8CF830AB171404EF00741090 /* HRVideoPlay.xib */,
			);
			path = Viewcontroller;
			sourceTree = "<group>";
		};
		0FADE9D21712FC3600FB3842 /* Resource */ = {
			isa = PBXGroup;
			children = (
				8CF830B717140FDF00741090 /* video */,
				8CF830551713B51700741090 /* lib */,
				0FADE9E81712FD5B00FB3842 /* fonts */,
				0FADE9D31712FC3600FB3842 /* audio */,
				0FADE9D41712FC3600FB3842 /* image */,
			);
			path = Resource;
			sourceTree = "<group>";
		};
		0FADE9D31712FC3600FB3842 /* audio */ = {
			isa = PBXGroup;
			children = (
			);
			path = audio;
			sourceTree = "<group>";
		};
		0FADE9D41712FC3600FB3842 /* image */ = {
			isa = PBXGroup;
			children = (
				8CF830C2171422DA00741090 /* bgScreenVideoLadscape.png */,
				8CF830C3171422DC00741090 /* bgScreenVideoLadscape@2x.png */,
				0FADE9F51712FF1600FB3842 /* test */,
				8CF830871713EFC400741090 /* btn_app.png */,
				8CF830BE1714202A00741090 /* bgAppLadscape.png */,
				8CF830BF1714202A00741090 /* bgAppLadscape@2x.png */,
				8CF830A51714044000741090 /* bgScreenVideoPortrat.png */,
				8CF830A61714044100741090 /* bgScreenVideoPortrat@2x.png */,
				8CF830881713EFC400741090 /* btn_back.png */,
				8CF830891713EFC400741090 /* btn_app@2x.png */,
				8CF8308A1713EFC400741090 /* btn_back@2x.png */,
				0FADE9ED1712FE5100FB3842 /* btn_choose_lang.png */,
				0FADE9EE1712FE5100FB3842 /* btn_choose_lang@2X.png */,
				0FADE9EF1712FE5100FB3842 /* btn_go.png */,
				0FADE9F01712FE5100FB3842 /* btn_go@2x.png */,
				0FADE9DD1712FC5D00FB3842 /* bgApp_iphone5.png */,
				0FADE9DE1712FC5D00FB3842 /* bgApp.png */,
				0FADE9DF1712FC5D00FB3842 /* bgApp@2x.png */,
				0FADE9D51712FC3600FB3842 /* Default-568h@2x.png */,
				0FADE9D61712FC3600FB3842 /* Default.png */,
				0FADE9D71712FC3600FB3842 /* Default@2x.png */,
			);
			path = image;
			sourceTree = "<group>";
		};
		0FADE9E81712FD5B00FB3842 /* fonts */ = {
			isa = PBXGroup;
			children = (
				0FADE9E91712FD5B00FB3842 /* bamabina.ttf */,
				0FADE9EA1712FD5B00FB3842 /* junegull.ttf */,
			);
			path = fonts;
			sourceTree = "<group>";
		};
		0FADE9F51712FF1600FB3842 /* test */ = {
			isa = PBXGroup;
			children = (
				8CF830AE1714054700741090 /* Screenshot-6a.png */,
				8CF830AF1714054700741090 /* Screenshot-6b.png */,
				8CF830A11713FCCA00741090 /* Screenshot-5.png */,
				8CF830981713F68D00741090 /* Screenshot-4.png */,
				8CF8308F1713EFEE00741090 /* Screenshot-3.png */,
				0FADE9F81712FFAD00FB3842 /* Screenshot-2.png */,
				0FADE9F61712FFA200FB3842 /* Screenshot-1.png */,
			);
			path = test;
			sourceTree = "<group>";
		};
		8CF830551713B51700741090 /* lib */ = {
			isa = PBXGroup;
			children = (
				8CF830561713B51D00741090 /* THLabel.h */,
				8CF830571713B51D00741090 /* THLabel.m */,
			);
			path = lib;
			sourceTree = "<group>";
		};
		8CF830781713E01500741090 /* Helper */ = {
			isa = PBXGroup;
			children = (
				8CF830791713E03500741090 /* HRmyButton.h */,
				8CF8307A1713E03500741090 /* HRmyButton.m */,
				8CF830B21714064500741090 /* HRBackgroundVideoView.h */,
				8CF830B31714064500741090 /* HRBackgroundVideoView.m */,
			);
			path = Helper;
			sourceTree = "<group>";
		};
		8CF830B717140FDF00741090 /* video */ = {
			isa = PBXGroup;
			children = (
				8CF830B817140FEC00741090 /* big-buck-bunny-clip.m4v */,
			);
			path = video;
			sourceTree = "<group>";
		};
		8CF830BA1714168F00741090 /* Category */ = {
			isa = PBXGroup;
			children = (
				8CF830BB1714169D00741090 /* UINavigationController+RotationIn_IOS6.h */,
				8CF830BC1714169D00741090 /* UINavigationController+RotationIn_IOS6.m */,
			);
			path = Category;
			sourceTree = "<group>";
		};
/* End PBXGroup section */

/* Begin PBXNativeTarget section */
		0F0AA7061712ECCB00EA07CD /* Hooray */ = {
			isa = PBXNativeTarget;
			buildConfigurationList = 0F0AA72B1712ECCC00EA07CD /* Build configuration list for PBXNativeTarget "Hooray" */;
			buildPhases = (
				0F0AA7031712ECCB00EA07CD /* Sources */,
				0F0AA7041712ECCB00EA07CD /* Frameworks */,
				0F0AA7051712ECCB00EA07CD /* Resources */,
			);
			buildRules = (
			);
			dependencies = (
			);
			name = Hooray;
			productName = Hooray;
			productReference = 0F0AA7071712ECCB00EA07CD /* Hooray.app */;
			productType = "com.apple.product-type.application";
		};
/* End PBXNativeTarget section */

/* Begin PBXProject section */
		0F0AA6FE1712ECCB00EA07CD /* Project object */ = {
			isa = PBXProject;
			attributes = {
				CLASSPREFIX = HR;
				LastUpgradeCheck = 0450;
				ORGANIZATIONNAME = Luan;
			};
			buildConfigurationList = 0F0AA7011712ECCB00EA07CD /* Build configuration list for PBXProject "Hooray" */;
			compatibilityVersion = "Xcode 3.2";
			developmentRegion = English;
			hasScannedForEncodings = 0;
			knownRegions = (
				en,
				ru,
				fr,
			);
			mainGroup = 0F0AA6FC1712ECCB00EA07CD;
			productRefGroup = 0F0AA7081712ECCB00EA07CD /* Products */;
			projectDirPath = "";
			projectRoot = "";
			targets = (
				0F0AA7061712ECCB00EA07CD /* Hooray */,
			);
		};
/* End PBXProject section */

/* Begin PBXResourcesBuildPhase section */
		0F0AA7051712ECCB00EA07CD /* Resources */ = {
			isa = PBXResourcesBuildPhase;
			buildActionMask = 2147483647;
			files = (
				0F0AA7161712ECCC00EA07CD /* InfoPlist.strings in Resources */,
				0FADE9DA1712FC3600FB3842 /* Default-568h@2x.png in Resources */,
				0FADE9DB1712FC3600FB3842 /* Default.png in Resources */,
				0FADE9DC1712FC3600FB3842 /* Default@2x.png in Resources */,
				0FADE9E01712FC5D00FB3842 /* bgApp_iphone5.png in Resources */,
				0FADE9E11712FC5D00FB3842 /* bgApp.png in Resources */,
				0FADE9E21712FC5D00FB3842 /* bgApp@2x.png in Resources */,
				0FADE9E71712FCA700FB3842 /* HRChooseLangues.xib in Resources */,
				0FADE9EB1712FD5B00FB3842 /* bamabina.ttf in Resources */,
				0FADE9EC1712FD5B00FB3842 /* junegull.ttf in Resources */,
				0FADE9F11712FE5100FB3842 /* btn_choose_lang.png in Resources */,
				0FADE9F21712FE5100FB3842 /* btn_choose_lang@2X.png in Resources */,
				0FADE9F31712FE5100FB3842 /* btn_go.png in Resources */,
				0FADE9F41712FE5100FB3842 /* btn_go@2x.png in Resources */,
				0FADE9F71712FFA200FB3842 /* Screenshot-1.png in Resources */,
				0FADE9F91712FFAD00FB3842 /* Screenshot-2.png in Resources */,
				0FADEA07171308CD00FB3842 /* Localizable.strings in Resources */,
				8CF830811713EDB300741090 /* HRChooseLangues_iphone5.xib in Resources */,
				8CF830861713EEC500741090 /* HRChooseVersion.xib in Resources */,
				8CF8308B1713EFC400741090 /* btn_app.png in Resources */,
				8CF8308C1713EFC400741090 /* btn_back.png in Resources */,
				8CF8308D1713EFC400741090 /* btn_app@2x.png in Resources */,
				8CF8308E1713EFC400741090 /* btn_back@2x.png in Resources */,
				8CF830901713EFEE00741090 /* Screenshot-3.png in Resources */,
				8CF830921713F5B500741090 /* HRChooseVersion_iphone5.xib in Resources */,
				8CF830971713F64800741090 /* HRVideoFactsSection.xib in Resources */,
				8CF830991713F68D00741090 /* Screenshot-4.png in Resources */,
				8CF8309B1713F96100741090 /* HRVideoFactsSection_iphone5.xib in Resources */,
				8CF830A01713FBF000741090 /* HRvideoCategory.xib in Resources */,
				8CF830A21713FCCA00741090 /* Screenshot-5.png in Resources */,
				8CF830A4171402D300741090 /* HRvideoCategory_iphone5.xib in Resources */,
				8CF830A71714044200741090 /* bgScreenVideoPortrat.png in Resources */,
				8CF830A81714044200741090 /* bgScreenVideoPortrat@2x.png in Resources */,
				8CF830AD171404F000741090 /* HRVideoPlay.xib in Resources */,
				8CF830B01714054800741090 /* Screenshot-6a.png in Resources */,
				8CF830B11714054800741090 /* Screenshot-6b.png in Resources */,
				8CF830B917140FEC00741090 /* big-buck-bunny-clip.m4v in Resources */,
				8CF830C01714202B00741090 /* bgAppLadscape.png in Resources */,
				8CF830C11714202B00741090 /* bgAppLadscape@2x.png in Resources */,
				8CF830C4171422DD00741090 /* bgScreenVideoLadscape.png in Resources */,
				8CF830C5171422DD00741090 /* bgScreenVideoLadscape@2x.png in Resources */,
			);
			runOnlyForDeploymentPostprocessing = 0;
		};
/* End PBXResourcesBuildPhase section */

/* Begin PBXSourcesBuildPhase section */
		0F0AA7031712ECCB00EA07CD /* Sources */ = {
			isa = PBXSourcesBuildPhase;
			buildActionMask = 2147483647;
			files = (
				0F0AA7181712ECCC00EA07CD /* main.m in Sources */,
				0FADE9C81712FC1D00FB3842 /* HRAppDelegate.m in Sources */,
				0FADE9E61712FCA700FB3842 /* HRChooseLangues.m in Sources */,
				8CF830581713B51D00741090 /* THLabel.m in Sources */,
				8CF8307B1713E03500741090 /* HRmyButton.m in Sources */,
				8CF830851713EEC500741090 /* HRChooseVersion.m in Sources */,
				8CF830961713F64800741090 /* HRVideoFactsSection.m in Sources */,
				8CF8309F1713FBF000741090 /* HRvideoCategory.m in Sources */,
				8CF830AC171404F000741090 /* HRVideoPlay.m in Sources */,
				8CF830B41714064500741090 /* HRBackgroundVideoView.m in Sources */,
				8CF830BD1714169D00741090 /* UINavigationController+RotationIn_IOS6.m in Sources */,
			);
			runOnlyForDeploymentPostprocessing = 0;
		};
/* End PBXSourcesBuildPhase section */

/* Begin PBXVariantGroup section */
		0F0AA7141712ECCC00EA07CD /* InfoPlist.strings */ = {
			isa = PBXVariantGroup;
			children = (
				0F0AA7151712ECCC00EA07CD /* en */,
				0FADEA05171308B500FB3842 /* ru */,
				0FADEA06171308C100FB3842 /* fr */,
			);
			name = InfoPlist.strings;
			sourceTree = "<group>";
		};
		0FADEA09171308CD00FB3842 /* Localizable.strings */ = {
			isa = PBXVariantGroup;
			children = (
				0FADEA08171308CD00FB3842 /* en */,
				0FADEA0A171308D100FB3842 /* ru */,
				0FADEA0B171308D200FB3842 /* fr */,
			);
			name = Localizable.strings;
			sourceTree = "<group>";
		};
/* End PBXVariantGroup section */

/* Begin XCBuildConfiguration section */
		0F0AA7291712ECCC00EA07CD /* Debug */ = {
			isa = XCBuildConfiguration;
			buildSettings = {
				ALWAYS_SEARCH_USER_PATHS = NO;
				CLANG_CXX_LANGUAGE_STANDARD = "gnu++0x";
				CLANG_CXX_LIBRARY = "libc++";
				CLANG_WARN_EMPTY_BODY = YES;
				CLANG_WARN__DUPLICATE_METHOD_MATCH = YES;
				"CODE_SIGN_IDENTITY[sdk=iphoneos*]" = "iPhone Developer";
				COPY_PHASE_STRIP = NO;
				GCC_C_LANGUAGE_STANDARD = gnu99;
				GCC_DYNAMIC_NO_PIC = NO;
				GCC_OPTIMIZATION_LEVEL = 0;
				GCC_PREPROCESSOR_DEFINITIONS = (
					"DEBUG=1",
					"$(inherited)",
				);
				GCC_SYMBOLS_PRIVATE_EXTERN = NO;
				GCC_WARN_ABOUT_RETURN_TYPE = YES;
				GCC_WARN_UNINITIALIZED_AUTOS = YES;
				GCC_WARN_UNUSED_VARIABLE = YES;
				IPHONEOS_DEPLOYMENT_TARGET = 6.0;
				ONLY_ACTIVE_ARCH = YES;
				SDKROOT = iphoneos;
			};
			name = Debug;
		};
		0F0AA72A1712ECCC00EA07CD /* Release */ = {
			isa = XCBuildConfiguration;
			buildSettings = {
				ALWAYS_SEARCH_USER_PATHS = NO;
				CLANG_CXX_LANGUAGE_STANDARD = "gnu++0x";
				CLANG_CXX_LIBRARY = "libc++";
				CLANG_WARN_EMPTY_BODY = YES;
				CLANG_WARN__DUPLICATE_METHOD_MATCH = YES;
				"CODE_SIGN_IDENTITY[sdk=iphoneos*]" = "iPhone Developer";
				COPY_PHASE_STRIP = YES;
				GCC_C_LANGUAGE_STANDARD = gnu99;
				GCC_WARN_ABOUT_RETURN_TYPE = YES;
				GCC_WARN_UNINITIALIZED_AUTOS = YES;
				GCC_WARN_UNUSED_VARIABLE = YES;
				IPHONEOS_DEPLOYMENT_TARGET = 6.0;
				OTHER_CFLAGS = "-DNS_BLOCK_ASSERTIONS=1";
				SDKROOT = iphoneos;
				VALIDATE_PRODUCT = YES;
			};
			name = Release;
		};
		0F0AA72C1712ECCC00EA07CD /* Debug */ = {
			isa = XCBuildConfiguration;
			buildSettings = {
				GCC_PRECOMPILE_PREFIX_HEADER = YES;
				GCC_PREFIX_HEADER = "Hooray/Hooray-Prefix.pch";
				INFOPLIST_FILE = "Hooray/Hooray-Info.plist";
				IPHONEOS_DEPLOYMENT_TARGET = 4.3;
				PRODUCT_NAME = "$(TARGET_NAME)";
				WRAPPER_EXTENSION = app;
			};
			name = Debug;
		};
		0F0AA72D1712ECCC00EA07CD /* Release */ = {
			isa = XCBuildConfiguration;
			buildSettings = {
				GCC_PRECOMPILE_PREFIX_HEADER = YES;
				GCC_PREFIX_HEADER = "Hooray/Hooray-Prefix.pch";
				INFOPLIST_FILE = "Hooray/Hooray-Info.plist";
				IPHONEOS_DEPLOYMENT_TARGET = 4.3;
				PRODUCT_NAME = "$(TARGET_NAME)";
				WRAPPER_EXTENSION = app;
			};
			name = Release;
		};
/* End XCBuildConfiguration section */

/* Begin XCConfigurationList section */
		0F0AA7011712ECCB00EA07CD /* Build configuration list for PBXProject "Hooray" */ = {
			isa = XCConfigurationList;
			buildConfigurations = (
				0F0AA7291712ECCC00EA07CD /* Debug */,
				0F0AA72A1712ECCC00EA07CD /* Release */,
			);
			defaultConfigurationIsVisible = 0;
			defaultConfigurationName = Release;
		};
		0F0AA72B1712ECCC00EA07CD /* Build configuration list for PBXNativeTarget "Hooray" */ = {
			isa = XCConfigurationList;
			buildConfigurations = (
				0F0AA72C1712ECCC00EA07CD /* Debug */,
				0F0AA72D1712ECCC00EA07CD /* Release */,
			);
			defaultConfigurationIsVisible = 0;
			defaultConfigurationName = Release;
		};
/* End XCConfigurationList section */
	};
	rootObject = 0F0AA6FE1712ECCB00EA07CD /* Project object */;
}
